
Microsoft Visual Studio Solution File, Format Version 12.00
# Visual Studio Version 17
VisualStudioVersion = 17.3.32901.215
MinimumVisualStudioVersion = 10.0.40219.1
Project("{FAE04EC0-301F-11D3-BF4B-00C04F79EFBC}") = "BookAway", "BookAway\BookAway.csproj", "{DB68196A-1E98-49B8-B558-25A8455C3C8F}"
EndProject
Global
	GlobalSection(SolutionConfigurationPlatforms) = preSolution
		Debug|Any CPU = Debug|Any CPU
		Release|Any CPU = Release|Any CPU
	EndGlobalSection
	GlobalSection(ProjectConfigurationPlatforms) = postSolution
		{DB68196A-1E98-49B8-B558-25A8455C3C8F}.Debug|Any CPU.ActiveCfg = Debug|Any CPU
		{DB68196A-1E98-49B8-B558-25A8455C3C8F}.Debug|Any CPU.Build.0 = Debug|Any CPU
		{DB68196A-1E98-49B8-B558-25A8455C3C8F}.Release|Any CPU.ActiveCfg = Release|Any CPU
		{DB68196A-1E98-49B8-B558-25A8455C3C8F}.Release|Any CPU.Build.0 = Release|Any CPU
	EndGlobalSection
	GlobalSection(SolutionProperties) = preSolution
		HideSolutionNode = FALSE
	EndGlobalSection
	GlobalSection(ExtensibilityGlobals) = postSolution
		SolutionGuid = {0BE80DB6-EA04-4080-832E-0C4F09586CFE}
	EndGlobalSection
EndGlobal
